
Microsoft Visual Studio Solution File, Format Version 12.00
# Visual Studio Version 16
VisualStudioVersion = 16.0.28531.58
MinimumVisualStudioVersion = 10.0.40219.1
Project("{FAE04EC0-301F-11D3-BF4B-00C04F79EFBC}") = "TesteCadastro.Site", "TesteCadastro.Site\TesteCadastro.Site.csproj", "{357EE573-4977-4763-B5BE-D8D8192899C8}"
EndProject
Project("{FAE04EC0-301F-11D3-BF4B-00C04F79EFBC}") = "TesteCadastro.Infra", "TesteCadastro.Infra\TesteCadastro.Infra.csproj", "{0519E777-122B-4485-86FD-25D7B561AD37}"
EndProject
Project("{FAE04EC0-301F-11D3-BF4B-00C04F79EFBC}") = "TesteCadastro.Domain", "TesteCadastro.Domain\TesteCadastro.Domain.csproj", "{3989D51C-20D4-4C44-ACD2-2A100A3188A8}"
EndProject
Project("{FAE04EC0-301F-11D3-BF4B-00C04F79EFBC}") = "TesteCadastro.Application", "TesteCadastro.Application\TesteCadastro.Application.csproj", "{DE3EEB91-BF67-4E37-9CF7-1E3CDACEB24B}"
EndProject
Global
	GlobalSection(SolutionConfigurationPlatforms) = preSolution
		Debug|Any CPU = Debug|Any CPU
		Release|Any CPU = Release|Any CPU
	EndGlobalSection
	GlobalSection(ProjectConfigurationPlatforms) = postSolution
		{357EE573-4977-4763-B5BE-D8D8192899C8}.Debug|Any CPU.ActiveCfg = Debug|Any CPU
		{357EE573-4977-4763-B5BE-D8D8192899C8}.Debug|Any CPU.Build.0 = Debug|Any CPU
		{357EE573-4977-4763-B5BE-D8D8192899C8}.Release|Any CPU.ActiveCfg = Release|Any CPU
		{357EE573-4977-4763-B5BE-D8D8192899C8}.Release|Any CPU.Build.0 = Release|Any CPU
		{0519E777-122B-4485-86FD-25D7B561AD37}.Debug|Any CPU.ActiveCfg = Debug|Any CPU
		{0519E777-122B-4485-86FD-25D7B561AD37}.Debug|Any CPU.Build.0 = Debug|Any CPU
		{0519E777-122B-4485-86FD-25D7B561AD37}.Release|Any CPU.ActiveCfg = Release|Any CPU
		{0519E777-122B-4485-86FD-25D7B561AD37}.Release|Any CPU.Build.0 = Release|Any CPU
		{3989D51C-20D4-4C44-ACD2-2A100A3188A8}.Debug|Any CPU.ActiveCfg = Debug|Any CPU
		{3989D51C-20D4-4C44-ACD2-2A100A3188A8}.Debug|Any CPU.Build.0 = Debug|Any CPU
		{3989D51C-20D4-4C44-ACD2-2A100A3188A8}.Release|Any CPU.ActiveCfg = Release|Any CPU
		{3989D51C-20D4-4C44-ACD2-2A100A3188A8}.Release|Any CPU.Build.0 = Release|Any CPU
		{DE3EEB91-BF67-4E37-9CF7-1E3CDACEB24B}.Debug|Any CPU.ActiveCfg = Debug|Any CPU
		{DE3EEB91-BF67-4E37-9CF7-1E3CDACEB24B}.Debug|Any CPU.Build.0 = Debug|Any CPU
		{DE3EEB91-BF67-4E37-9CF7-1E3CDACEB24B}.Release|Any CPU.ActiveCfg = Release|Any CPU
		{DE3EEB91-BF67-4E37-9CF7-1E3CDACEB24B}.Release|Any CPU.Build.0 = Release|Any CPU
	EndGlobalSection
	GlobalSection(SolutionProperties) = preSolution
		HideSolutionNode = FALSE
	EndGlobalSection
	GlobalSection(ExtensibilityGlobals) = postSolution
		SolutionGuid = {F270FD9B-A9D6-4B34-88B5-96451B4F03AE}
	EndGlobalSection
EndGlobal
